
Microsoft Visual Studio Solution File, Format Version 12.00
# Visual Studio Version 16
VisualStudioVersion = 16.0.810.16
MinimumVisualStudioVersion = 10.0.40219.1
Project("{FAE04EC0-301F-11D3-BF4B-00C04F79EFBC}") = "OnePageWebAppVS", "OnePageWebAppVS\OnePageWebAppVS.csproj", "{9651CF9B-8764-4FBB-B7DB-74372FA8E341}"
EndProject
Global
	GlobalSection(SolutionConfigurationPlatforms) = preSolution
		Debug|Any CPU = Debug|Any CPU
		Release|Any CPU = Release|Any CPU
	EndGlobalSection
	GlobalSection(ProjectConfigurationPlatforms) = postSolution
		{9651CF9B-8764-4FBB-B7DB-74372FA8E341}.Debug|Any CPU.ActiveCfg = Debug|Any CPU
		{9651CF9B-8764-4FBB-B7DB-74372FA8E341}.Debug|Any CPU.Build.0 = Debug|Any CPU
		{9651CF9B-8764-4FBB-B7DB-74372FA8E341}.Release|Any CPU.ActiveCfg = Release|Any CPU
		{9651CF9B-8764-4FBB-B7DB-74372FA8E341}.Release|Any CPU.Build.0 = Release|Any CPU
	EndGlobalSection
	GlobalSection(SolutionProperties) = preSolution
		HideSolutionNode = FALSE
	EndGlobalSection
	GlobalSection(ExtensibilityGlobals) = postSolution
		SolutionGuid = {0B856459-7880-49F4-A2D6-F28CC62C9AC8}
	EndGlobalSection
EndGlobal
