
Microsoft Visual Studio Solution File, Format Version 12.00
# Visual Studio Version 16
VisualStudioVersion = 16.0.810.16
MinimumVisualStudioVersion = 10.0.40219.1
Project("{FAE04EC0-301F-11D3-BF4B-00C04F79EFBC}") = "MathAndOperatorsAssignment", "MathAndOperatorsAssignment\MathAndOperatorsAssignment.csproj", "{796B47A7-F4AD-4C91-9BA8-E2184EACB457}"
EndProject
Global
	GlobalSection(SolutionConfigurationPlatforms) = preSolution
		Debug|Any CPU = Debug|Any CPU
		Release|Any CPU = Release|Any CPU
	EndGlobalSection
	GlobalSection(ProjectConfigurationPlatforms) = postSolution
		{796B47A7-F4AD-4C91-9BA8-E2184EACB457}.Debug|Any CPU.ActiveCfg = Debug|Any CPU
		{796B47A7-F4AD-4C91-9BA8-E2184EACB457}.Debug|Any CPU.Build.0 = Debug|Any CPU
		{796B47A7-F4AD-4C91-9BA8-E2184EACB457}.Release|Any CPU.ActiveCfg = Release|Any CPU
		{796B47A7-F4AD-4C91-9BA8-E2184EACB457}.Release|Any CPU.Build.0 = Release|Any CPU
	EndGlobalSection
	GlobalSection(SolutionProperties) = preSolution
		HideSolutionNode = FALSE
	EndGlobalSection
	GlobalSection(ExtensibilityGlobals) = postSolution
		SolutionGuid = {4DAD6AF7-9FEF-4740-B72B-0EDACE3BAC4D}
	EndGlobalSection
EndGlobal
