
Microsoft Visual Studio Solution File, Format Version 12.00
# Visual Studio Version 16
VisualStudioVersion = 16.0.810.16
MinimumVisualStudioVersion = 10.0.40219.1
Project("{FAE04EC0-301F-11D3-BF4B-00C04F79EFBC}") = "ConsoleAppTryCatch", "ConsoleAppTryCatch\ConsoleAppTryCatch.csproj", "{E8B41EE3-AFC7-42A4-A7ED-73DF220EBE33}"
EndProject
Global
	GlobalSection(SolutionConfigurationPlatforms) = preSolution
		Debug|Any CPU = Debug|Any CPU
		Release|Any CPU = Release|Any CPU
	EndGlobalSection
	GlobalSection(ProjectConfigurationPlatforms) = postSolution
		{E8B41EE3-AFC7-42A4-A7ED-73DF220EBE33}.Debug|Any CPU.ActiveCfg = Debug|Any CPU
		{E8B41EE3-AFC7-42A4-A7ED-73DF220EBE33}.Debug|Any CPU.Build.0 = Debug|Any CPU
		{E8B41EE3-AFC7-42A4-A7ED-73DF220EBE33}.Release|Any CPU.ActiveCfg = Release|Any CPU
		{E8B41EE3-AFC7-42A4-A7ED-73DF220EBE33}.Release|Any CPU.Build.0 = Release|Any CPU
	EndGlobalSection
	GlobalSection(SolutionProperties) = preSolution
		HideSolutionNode = FALSE
	EndGlobalSection
	GlobalSection(ExtensibilityGlobals) = postSolution
		SolutionGuid = {4A7D9A00-2D47-4743-B584-9A746D81E081}
	EndGlobalSection
EndGlobal
